
Microsoft Visual Studio Solution File, Format Version 12.00
# Visual Studio Version 17
VisualStudioVersion = 17.14.36414.22
MinimumVisualStudioVersion = 10.0.40219.1
Project("{FAE04EC0-301F-11D3-BF4B-00C04F79EFBC}") = "01_HerbariumConsole", "01_HerbariumConsole\01_HerbariumConsole.csproj", "{3CBD29BF-B52B-4686-A716-383EF2BD5023}"
EndProject
Project("{FAE04EC0-301F-11D3-BF4B-00C04F79EFBC}") = "CS142_HerbariumLibrary", "CS142_HerbariumLibrary\CS142_HerbariumLibrary.csproj", "{01E9CA64-B64F-1358-3C0B-81F93D6F6DDD}"
EndProject
Project("{FAE04EC0-301F-11D3-BF4B-00C04F79EFBC}") = "02_Files", "02_Files\02_Files.csproj", "{742797C5-8F78-4220-9E32-13DB5E7921B8}"
EndProject
Project("{FAE04EC0-301F-11D3-BF4B-00C04F79EFBC}") = "03_Strings", "03_Strings\03_Strings.csproj", "{3C574A95-F286-445F-B5AF-71A16BDF73B0}"
EndProject
Project("{FAE04EC0-301F-11D3-BF4B-00C04F79EFBC}") = "03_1_String", "03_1_String\03_1_String.csproj", "{F883F65C-D79E-42DA-B37D-6A1C533338D9}"
EndProject
Project("{FAE04EC0-301F-11D3-BF4B-00C04F79EFBC}") = "Hue1_1_Lob", "Hue1_1_Lob\Hue1_1_Lob.csproj", "{0318E24D-30BD-459F-9F11-ACBC9FB29ECB}"
EndProject
Project("{FAE04EC0-301F-11D3-BF4B-00C04F79EFBC}") = "Hue1_2_TeilnehmerListe", "Hue1_2_TeilnehmerListe\Hue1_2_TeilnehmerListe.csproj", "{48AB567E-3F81-4BCD-86AC-C3F635D7B839}"
EndProject
Project("{FAE04EC0-301F-11D3-BF4B-00C04F79EFBC}") = "Hue1_3_TeilnehmerAuslesen", "Hue1_3_TeilnehmerAuslesen\Hue1_3_TeilnehmerAuslesen.csproj", "{91C308CC-9A18-4EDF-824A-FD3D010B5E9D}"
EndProject
Project("{FAE04EC0-301F-11D3-BF4B-00C04F79EFBC}") = "Hue2_Approxi", "Hue2_Approxi\Hue2_Approxi.csproj", "{F426CE13-D489-4265-831D-CF1DC7FEB935}"
EndProject
Project("{FAE04EC0-301F-11D3-BF4B-00C04F79EFBC}") = "Hue2_2_Approxi", "Hue2_2_Approxi\Hue2_2_Approxi.csproj", "{F7681CF1-E4D7-4269-9A73-AAA3AC16A1D4}"
EndProject
Project("{FAE04EC0-301F-11D3-BF4B-00C04F79EFBC}") = "HomeworkHerbarium", "HomeworkHerbarium\HomeworkHerbarium.csproj", "{D42A630C-8C78-470C-8532-2FFBA64E4C3B}"
EndProject
Project("{FAE04EC0-301F-11D3-BF4B-00C04F79EFBC}") = "hueDrei", "hueDrei\hueDrei.csproj", "{FA13AFC0-5625-4BAF-99AA-AFBE01F099E7}"
EndProject
Project("{FAE04EC0-301F-11D3-BF4B-00C04F79EFBC}") = "Hue4_1", "Hue4_1\Hue4_1.csproj", "{425125CD-29AC-4C5B-A187-DE97652AD5B7}"
EndProject
Project("{FAE04EC0-301F-11D3-BF4B-00C04F79EFBC}") = "Hue4_2", "Hue4_2\Hue4_2.csproj", "{6B1BFEFE-FDD2-4997-BCE2-728BA38FC454}"
EndProject
Project("{FAE04EC0-301F-11D3-BF4B-00C04F79EFBC}") = "AAeins", "AAeins\AAeins.csproj", "{26102E66-8F98-47DC-95CC-397A0FF7913B}"
EndProject
Project("{FAE04EC0-301F-11D3-BF4B-00C04F79EFBC}") = "NullFiveFolderAndFiles", "NullFiveFolderAndFiles\NullFiveFolderAndFiles.csproj", "{1FEAA588-3EC5-CE46-7283-DDFACD305CAF}"
EndProject
Project("{FAE04EC0-301F-11D3-BF4B-00C04F79EFBC}") = "AANotizManagerLibrary", "AANotizManagerLibrary\AANotizManagerLibrary.csproj", "{375CFBA8-66F9-43D9-8366-303110217D59}"
EndProject
Project("{FAE04EC0-301F-11D3-BF4B-00C04F79EFBC}") = "06_Static", "06_Static\06_Static.csproj", "{23B7F8D1-2099-4AE7-9B03-231795C955D3}"
EndProject
Project("{FAE04EC0-301F-11D3-BF4B-00C04F79EFBC}") = "07_ReferenceTypes", "07_ReferenceTypes\07_ReferenceTypes.csproj", "{1AB0B7E6-9F36-4F22-B706-602EB0754DB6}"
EndProject
Project("{FAE04EC0-301F-11D3-BF4B-00C04F79EFBC}") = "08_CallByReference", "08_CallByReference\08_CallByReference.csproj", "{740A3266-E6E3-4BBA-B493-8EE972C89BCE}"
EndProject
Project("{FAE04EC0-301F-11D3-BF4B-00C04F79EFBC}") = "09_Enumerations", "09_Enumerations\09_Enumerations.csproj", "{6E03F569-B0FC-446E-B05B-B4F445AAA724}"
EndProject
Project("{FAE04EC0-301F-11D3-BF4B-00C04F79EFBC}") = "10_Turtle", "10_Turtle\10_Turtle.csproj", "{19B7165F-C6CA-41A2-AD3D-2990C9E590CE}"
EndProject
Project("{FAE04EC0-301F-11D3-BF4B-00C04F79EFBC}") = "11_TurtleWindowsFormen", "11_TurtleWindowsFormen\11_TurtleWindowsFormen.csproj", "{C6712B20-DA31-4974-A400-BD4E5850D8D8}"
EndProject
Global
	GlobalSection(SolutionConfigurationPlatforms) = preSolution
		Debug|Any CPU = Debug|Any CPU
		Release|Any CPU = Release|Any CPU
	EndGlobalSection
	GlobalSection(ProjectConfigurationPlatforms) = postSolution
		{3CBD29BF-B52B-4686-A716-383EF2BD5023}.Debug|Any CPU.ActiveCfg = Debug|Any CPU
		{3CBD29BF-B52B-4686-A716-383EF2BD5023}.Debug|Any CPU.Build.0 = Debug|Any CPU
		{3CBD29BF-B52B-4686-A716-383EF2BD5023}.Release|Any CPU.ActiveCfg = Release|Any CPU
		{3CBD29BF-B52B-4686-A716-383EF2BD5023}.Release|Any CPU.Build.0 = Release|Any CPU
		{01E9CA64-B64F-1358-3C0B-81F93D6F6DDD}.Debug|Any CPU.ActiveCfg = Debug|Any CPU
		{01E9CA64-B64F-1358-3C0B-81F93D6F6DDD}.Debug|Any CPU.Build.0 = Debug|Any CPU
		{01E9CA64-B64F-1358-3C0B-81F93D6F6DDD}.Release|Any CPU.ActiveCfg = Release|Any CPU
		{01E9CA64-B64F-1358-3C0B-81F93D6F6DDD}.Release|Any CPU.Build.0 = Release|Any CPU
		{742797C5-8F78-4220-9E32-13DB5E7921B8}.Debug|Any CPU.ActiveCfg = Debug|Any CPU
		{742797C5-8F78-4220-9E32-13DB5E7921B8}.Debug|Any CPU.Build.0 = Debug|Any CPU
		{742797C5-8F78-4220-9E32-13DB5E7921B8}.Release|Any CPU.ActiveCfg = Release|Any CPU
		{742797C5-8F78-4220-9E32-13DB5E7921B8}.Release|Any CPU.Build.0 = Release|Any CPU
		{3C574A95-F286-445F-B5AF-71A16BDF73B0}.Debug|Any CPU.ActiveCfg = Debug|Any CPU
		{3C574A95-F286-445F-B5AF-71A16BDF73B0}.Debug|Any CPU.Build.0 = Debug|Any CPU
		{3C574A95-F286-445F-B5AF-71A16BDF73B0}.Release|Any CPU.ActiveCfg = Release|Any CPU
		{3C574A95-F286-445F-B5AF-71A16BDF73B0}.Release|Any CPU.Build.0 = Release|Any CPU
		{F883F65C-D79E-42DA-B37D-6A1C533338D9}.Debug|Any CPU.ActiveCfg = Debug|Any CPU
		{F883F65C-D79E-42DA-B37D-6A1C533338D9}.Debug|Any CPU.Build.0 = Debug|Any CPU
		{F883F65C-D79E-42DA-B37D-6A1C533338D9}.Release|Any CPU.ActiveCfg = Release|Any CPU
		{F883F65C-D79E-42DA-B37D-6A1C533338D9}.Release|Any CPU.Build.0 = Release|Any CPU
		{0318E24D-30BD-459F-9F11-ACBC9FB29ECB}.Debug|Any CPU.ActiveCfg = Debug|Any CPU
		{0318E24D-30BD-459F-9F11-ACBC9FB29ECB}.Debug|Any CPU.Build.0 = Debug|Any CPU
		{0318E24D-30BD-459F-9F11-ACBC9FB29ECB}.Release|Any CPU.ActiveCfg = Release|Any CPU
		{0318E24D-30BD-459F-9F11-ACBC9FB29ECB}.Release|Any CPU.Build.0 = Release|Any CPU
		{48AB567E-3F81-4BCD-86AC-C3F635D7B839}.Debug|Any CPU.ActiveCfg = Debug|Any CPU
		{48AB567E-3F81-4BCD-86AC-C3F635D7B839}.Debug|Any CPU.Build.0 = Debug|Any CPU
		{48AB567E-3F81-4BCD-86AC-C3F635D7B839}.Release|Any CPU.ActiveCfg = Release|Any CPU
		{48AB567E-3F81-4BCD-86AC-C3F635D7B839}.Release|Any CPU.Build.0 = Release|Any CPU
		{91C308CC-9A18-4EDF-824A-FD3D010B5E9D}.Debug|Any CPU.ActiveCfg = Debug|Any CPU
		{91C308CC-9A18-4EDF-824A-FD3D010B5E9D}.Debug|Any CPU.Build.0 = Debug|Any CPU
		{91C308CC-9A18-4EDF-824A-FD3D010B5E9D}.Release|Any CPU.ActiveCfg = Release|Any CPU
		{91C308CC-9A18-4EDF-824A-FD3D010B5E9D}.Release|Any CPU.Build.0 = Release|Any CPU
		{F426CE13-D489-4265-831D-CF1DC7FEB935}.Debug|Any CPU.ActiveCfg = Debug|Any CPU
		{F426CE13-D489-4265-831D-CF1DC7FEB935}.Debug|Any CPU.Build.0 = Debug|Any CPU
		{F426CE13-D489-4265-831D-CF1DC7FEB935}.Release|Any CPU.ActiveCfg = Release|Any CPU
		{F426CE13-D489-4265-831D-CF1DC7FEB935}.Release|Any CPU.Build.0 = Release|Any CPU
		{F7681CF1-E4D7-4269-9A73-AAA3AC16A1D4}.Debug|Any CPU.ActiveCfg = Debug|Any CPU
		{F7681CF1-E4D7-4269-9A73-AAA3AC16A1D4}.Debug|Any CPU.Build.0 = Debug|Any CPU
		{F7681CF1-E4D7-4269-9A73-AAA3AC16A1D4}.Release|Any CPU.ActiveCfg = Release|Any CPU
		{F7681CF1-E4D7-4269-9A73-AAA3AC16A1D4}.Release|Any CPU.Build.0 = Release|Any CPU
		{D42A630C-8C78-470C-8532-2FFBA64E4C3B}.Debug|Any CPU.ActiveCfg = Debug|Any CPU
		{D42A630C-8C78-470C-8532-2FFBA64E4C3B}.Debug|Any CPU.Build.0 = Debug|Any CPU
		{D42A630C-8C78-470C-8532-2FFBA64E4C3B}.Debug|Any CPU.Deploy.0 = Debug|Any CPU
		{D42A630C-8C78-470C-8532-2FFBA64E4C3B}.Release|Any CPU.ActiveCfg = Release|Any CPU
		{D42A630C-8C78-470C-8532-2FFBA64E4C3B}.Release|Any CPU.Build.0 = Release|Any CPU
		{FA13AFC0-5625-4BAF-99AA-AFBE01F099E7}.Debug|Any CPU.ActiveCfg = Debug|Any CPU
		{FA13AFC0-5625-4BAF-99AA-AFBE01F099E7}.Debug|Any CPU.Build.0 = Debug|Any CPU
		{FA13AFC0-5625-4BAF-99AA-AFBE01F099E7}.Debug|Any CPU.Deploy.0 = Debug|Any CPU
		{FA13AFC0-5625-4BAF-99AA-AFBE01F099E7}.Release|Any CPU.ActiveCfg = Release|Any CPU
		{FA13AFC0-5625-4BAF-99AA-AFBE01F099E7}.Release|Any CPU.Build.0 = Release|Any CPU
		{425125CD-29AC-4C5B-A187-DE97652AD5B7}.Debug|Any CPU.ActiveCfg = Debug|Any CPU
		{425125CD-29AC-4C5B-A187-DE97652AD5B7}.Debug|Any CPU.Build.0 = Debug|Any CPU
		{425125CD-29AC-4C5B-A187-DE97652AD5B7}.Release|Any CPU.ActiveCfg = Release|Any CPU
		{425125CD-29AC-4C5B-A187-DE97652AD5B7}.Release|Any CPU.Build.0 = Release|Any CPU
		{6B1BFEFE-FDD2-4997-BCE2-728BA38FC454}.Debug|Any CPU.ActiveCfg = Debug|Any CPU
		{6B1BFEFE-FDD2-4997-BCE2-728BA38FC454}.Debug|Any CPU.Build.0 = Debug|Any CPU
		{6B1BFEFE-FDD2-4997-BCE2-728BA38FC454}.Release|Any CPU.ActiveCfg = Release|Any CPU
		{6B1BFEFE-FDD2-4997-BCE2-728BA38FC454}.Release|Any CPU.Build.0 = Release|Any CPU
		{26102E66-8F98-47DC-95CC-397A0FF7913B}.Debug|Any CPU.ActiveCfg = Debug|Any CPU
		{26102E66-8F98-47DC-95CC-397A0FF7913B}.Debug|Any CPU.Build.0 = Debug|Any CPU
		{26102E66-8F98-47DC-95CC-397A0FF7913B}.Debug|Any CPU.Deploy.0 = Debug|Any CPU
		{26102E66-8F98-47DC-95CC-397A0FF7913B}.Release|Any CPU.ActiveCfg = Release|Any CPU
		{26102E66-8F98-47DC-95CC-397A0FF7913B}.Release|Any CPU.Build.0 = Release|Any CPU
		{1FEAA588-3EC5-CE46-7283-DDFACD305CAF}.Debug|Any CPU.ActiveCfg = Debug|Any CPU
		{1FEAA588-3EC5-CE46-7283-DDFACD305CAF}.Debug|Any CPU.Build.0 = Debug|Any CPU
		{1FEAA588-3EC5-CE46-7283-DDFACD305CAF}.Debug|Any CPU.Deploy.0 = Debug|Any CPU
		{1FEAA588-3EC5-CE46-7283-DDFACD305CAF}.Release|Any CPU.ActiveCfg = Release|Any CPU
		{1FEAA588-3EC5-CE46-7283-DDFACD305CAF}.Release|Any CPU.Build.0 = Release|Any CPU
		{375CFBA8-66F9-43D9-8366-303110217D59}.Debug|Any CPU.ActiveCfg = Debug|Any CPU
		{375CFBA8-66F9-43D9-8366-303110217D59}.Debug|Any CPU.Build.0 = Debug|Any CPU
		{375CFBA8-66F9-43D9-8366-303110217D59}.Release|Any CPU.ActiveCfg = Release|Any CPU
		{375CFBA8-66F9-43D9-8366-303110217D59}.Release|Any CPU.Build.0 = Release|Any CPU
		{23B7F8D1-2099-4AE7-9B03-231795C955D3}.Debug|Any CPU.ActiveCfg = Debug|Any CPU
		{23B7F8D1-2099-4AE7-9B03-231795C955D3}.Debug|Any CPU.Build.0 = Debug|Any CPU
		{23B7F8D1-2099-4AE7-9B03-231795C955D3}.Release|Any CPU.ActiveCfg = Release|Any CPU
		{23B7F8D1-2099-4AE7-9B03-231795C955D3}.Release|Any CPU.Build.0 = Release|Any CPU
		{1AB0B7E6-9F36-4F22-B706-602EB0754DB6}.Debug|Any CPU.ActiveCfg = Debug|Any CPU
		{1AB0B7E6-9F36-4F22-B706-602EB0754DB6}.Debug|Any CPU.Build.0 = Debug|Any CPU
		{1AB0B7E6-9F36-4F22-B706-602EB0754DB6}.Release|Any CPU.ActiveCfg = Release|Any CPU
		{1AB0B7E6-9F36-4F22-B706-602EB0754DB6}.Release|Any CPU.Build.0 = Release|Any CPU
		{740A3266-E6E3-4BBA-B493-8EE972C89BCE}.Debug|Any CPU.ActiveCfg = Debug|Any CPU
		{740A3266-E6E3-4BBA-B493-8EE972C89BCE}.Debug|Any CPU.Build.0 = Debug|Any CPU
		{740A3266-E6E3-4BBA-B493-8EE972C89BCE}.Release|Any CPU.ActiveCfg = Release|Any CPU
		{740A3266-E6E3-4BBA-B493-8EE972C89BCE}.Release|Any CPU.Build.0 = Release|Any CPU
		{6E03F569-B0FC-446E-B05B-B4F445AAA724}.Debug|Any CPU.ActiveCfg = Debug|Any CPU
		{6E03F569-B0FC-446E-B05B-B4F445AAA724}.Debug|Any CPU.Build.0 = Debug|Any CPU
		{6E03F569-B0FC-446E-B05B-B4F445AAA724}.Release|Any CPU.ActiveCfg = Release|Any CPU
		{6E03F569-B0FC-446E-B05B-B4F445AAA724}.Release|Any CPU.Build.0 = Release|Any CPU
		{19B7165F-C6CA-41A2-AD3D-2990C9E590CE}.Debug|Any CPU.ActiveCfg = Debug|Any CPU
		{19B7165F-C6CA-41A2-AD3D-2990C9E590CE}.Debug|Any CPU.Build.0 = Debug|Any CPU
		{19B7165F-C6CA-41A2-AD3D-2990C9E590CE}.Release|Any CPU.ActiveCfg = Release|Any CPU
		{19B7165F-C6CA-41A2-AD3D-2990C9E590CE}.Release|Any CPU.Build.0 = Release|Any CPU
		{C6712B20-DA31-4974-A400-BD4E5850D8D8}.Debug|Any CPU.ActiveCfg = Debug|Any CPU
		{C6712B20-DA31-4974-A400-BD4E5850D8D8}.Debug|Any CPU.Build.0 = Debug|Any CPU
		{C6712B20-DA31-4974-A400-BD4E5850D8D8}.Release|Any CPU.ActiveCfg = Release|Any CPU
		{C6712B20-DA31-4974-A400-BD4E5850D8D8}.Release|Any CPU.Build.0 = Release|Any CPU
	EndGlobalSection
	GlobalSection(SolutionProperties) = preSolution
		HideSolutionNode = FALSE
	EndGlobalSection
	GlobalSection(ExtensibilityGlobals) = postSolution
		SolutionGuid = {ECE7DDA4-CF7B-4391-BDEE-0AC1C9FFFF9A}
	EndGlobalSection
EndGlobal
